
Microsoft Visual Studio Solution File, Format Version 12.00
# Visual Studio 14
VisualStudioVersion = 14.0.25420.1
MinimumVisualStudioVersion = 10.0.40219.1
Project("{FAE04EC0-301F-11D3-BF4B-00C04F79EFBC}") = "OperationXML.UI", "OperationXML.UI\OperationXML.UI.csproj", "{95007BF3-EA8E-4680-8F49-788E85938982}"
EndProject
Project("{FAE04EC0-301F-11D3-BF4B-00C04F79EFBC}") = "OperationXML.BLL", "OperationXML.BLL\OperationXML.BLL.csproj", "{007B8D83-B3AF-4759-A8D2-7F8EF2DD34C0}"
EndProject
Project("{FAE04EC0-301F-11D3-BF4B-00C04F79EFBC}") = "OperationXML.DAL", "OperationXML.DAL\OperationXML.DAL.csproj", "{C4B8D8F1-23E6-4373-9335-78461E083C8B}"
EndProject
Project("{FAE04EC0-301F-11D3-BF4B-00C04F79EFBC}") = "OperationXML.Model", "OperationXML.Model\OperationXML.Model.csproj", "{70B105DE-3863-47E8-99CA-5A9A516ECC06}"
EndProject
Global
	GlobalSection(SolutionConfigurationPlatforms) = preSolution
		Debug|Any CPU = Debug|Any CPU
		Release|Any CPU = Release|Any CPU
	EndGlobalSection
	GlobalSection(ProjectConfigurationPlatforms) = postSolution
		{95007BF3-EA8E-4680-8F49-788E85938982}.Debug|Any CPU.ActiveCfg = Debug|Any CPU
		{95007BF3-EA8E-4680-8F49-788E85938982}.Debug|Any CPU.Build.0 = Debug|Any CPU
		{95007BF3-EA8E-4680-8F49-788E85938982}.Release|Any CPU.ActiveCfg = Release|Any CPU
		{95007BF3-EA8E-4680-8F49-788E85938982}.Release|Any CPU.Build.0 = Release|Any CPU
		{007B8D83-B3AF-4759-A8D2-7F8EF2DD34C0}.Debug|Any CPU.ActiveCfg = Debug|Any CPU
		{007B8D83-B3AF-4759-A8D2-7F8EF2DD34C0}.Debug|Any CPU.Build.0 = Debug|Any CPU
		{007B8D83-B3AF-4759-A8D2-7F8EF2DD34C0}.Release|Any CPU.ActiveCfg = Release|Any CPU
		{007B8D83-B3AF-4759-A8D2-7F8EF2DD34C0}.Release|Any CPU.Build.0 = Release|Any CPU
		{C4B8D8F1-23E6-4373-9335-78461E083C8B}.Debug|Any CPU.ActiveCfg = Debug|Any CPU
		{C4B8D8F1-23E6-4373-9335-78461E083C8B}.Debug|Any CPU.Build.0 = Debug|Any CPU
		{C4B8D8F1-23E6-4373-9335-78461E083C8B}.Release|Any CPU.ActiveCfg = Release|Any CPU
		{C4B8D8F1-23E6-4373-9335-78461E083C8B}.Release|Any CPU.Build.0 = Release|Any CPU
		{70B105DE-3863-47E8-99CA-5A9A516ECC06}.Debug|Any CPU.ActiveCfg = Debug|Any CPU
		{70B105DE-3863-47E8-99CA-5A9A516ECC06}.Debug|Any CPU.Build.0 = Debug|Any CPU
		{70B105DE-3863-47E8-99CA-5A9A516ECC06}.Release|Any CPU.ActiveCfg = Release|Any CPU
		{70B105DE-3863-47E8-99CA-5A9A516ECC06}.Release|Any CPU.Build.0 = Release|Any CPU
	EndGlobalSection
	GlobalSection(SolutionProperties) = preSolution
		HideSolutionNode = FALSE
	EndGlobalSection
EndGlobal
